
Microsoft Visual Studio Solution File, Format Version 12.00
# Visual Studio 15
VisualStudioVersion = 15.0.26124.0
MinimumVisualStudioVersion = 15.0.26124.0
Project("{2150E333-8FDC-42A3-9474-1A3956D46DE8}") = "src", "src", "{89449ACD-DAEB-4182-80A6-C9829BDEFE0B}"
EndProject
Project("{FAE04EC0-301F-11D3-BF4B-00C04F79EFBC}") = "CommandAPI", "src\CommandAPI\CommandAPI.csproj", "{499A63D1-23CC-4F1A-AF0A-70D43CF76E60}"
EndProject
Project("{2150E333-8FDC-42A3-9474-1A3956D46DE8}") = "test", "test", "{5E32C42E-60C8-40E7-A1C4-DE1617D05A4C}"
EndProject
Project("{FAE04EC0-301F-11D3-BF4B-00C04F79EFBC}") = "CommandAPI.Tests", "test\CommandAPI.Tests\CommandAPI.Tests.csproj", "{D704A350-BC14-4F21-9FD3-208FE0E8CDDB}"
EndProject
Global
	GlobalSection(SolutionConfigurationPlatforms) = preSolution
		Debug|Any CPU = Debug|Any CPU
		Debug|x64 = Debug|x64
		Debug|x86 = Debug|x86
		Release|Any CPU = Release|Any CPU
		Release|x64 = Release|x64
		Release|x86 = Release|x86
	EndGlobalSection
	GlobalSection(SolutionProperties) = preSolution
		HideSolutionNode = FALSE
	EndGlobalSection
	GlobalSection(ProjectConfigurationPlatforms) = postSolution
		{499A63D1-23CC-4F1A-AF0A-70D43CF76E60}.Debug|Any CPU.ActiveCfg = Debug|Any CPU
		{499A63D1-23CC-4F1A-AF0A-70D43CF76E60}.Debug|Any CPU.Build.0 = Debug|Any CPU
		{499A63D1-23CC-4F1A-AF0A-70D43CF76E60}.Debug|x64.ActiveCfg = Debug|Any CPU
		{499A63D1-23CC-4F1A-AF0A-70D43CF76E60}.Debug|x64.Build.0 = Debug|Any CPU
		{499A63D1-23CC-4F1A-AF0A-70D43CF76E60}.Debug|x86.ActiveCfg = Debug|Any CPU
		{499A63D1-23CC-4F1A-AF0A-70D43CF76E60}.Debug|x86.Build.0 = Debug|Any CPU
		{499A63D1-23CC-4F1A-AF0A-70D43CF76E60}.Release|Any CPU.ActiveCfg = Release|Any CPU
		{499A63D1-23CC-4F1A-AF0A-70D43CF76E60}.Release|Any CPU.Build.0 = Release|Any CPU
		{499A63D1-23CC-4F1A-AF0A-70D43CF76E60}.Release|x64.ActiveCfg = Release|Any CPU
		{499A63D1-23CC-4F1A-AF0A-70D43CF76E60}.Release|x64.Build.0 = Release|Any CPU
		{499A63D1-23CC-4F1A-AF0A-70D43CF76E60}.Release|x86.ActiveCfg = Release|Any CPU
		{499A63D1-23CC-4F1A-AF0A-70D43CF76E60}.Release|x86.Build.0 = Release|Any CPU
		{D704A350-BC14-4F21-9FD3-208FE0E8CDDB}.Debug|Any CPU.ActiveCfg = Debug|Any CPU
		{D704A350-BC14-4F21-9FD3-208FE0E8CDDB}.Debug|Any CPU.Build.0 = Debug|Any CPU
		{D704A350-BC14-4F21-9FD3-208FE0E8CDDB}.Debug|x64.ActiveCfg = Debug|Any CPU
		{D704A350-BC14-4F21-9FD3-208FE0E8CDDB}.Debug|x64.Build.0 = Debug|Any CPU
		{D704A350-BC14-4F21-9FD3-208FE0E8CDDB}.Debug|x86.ActiveCfg = Debug|Any CPU
		{D704A350-BC14-4F21-9FD3-208FE0E8CDDB}.Debug|x86.Build.0 = Debug|Any CPU
		{D704A350-BC14-4F21-9FD3-208FE0E8CDDB}.Release|Any CPU.ActiveCfg = Release|Any CPU
		{D704A350-BC14-4F21-9FD3-208FE0E8CDDB}.Release|Any CPU.Build.0 = Release|Any CPU
		{D704A350-BC14-4F21-9FD3-208FE0E8CDDB}.Release|x64.ActiveCfg = Release|Any CPU
		{D704A350-BC14-4F21-9FD3-208FE0E8CDDB}.Release|x64.Build.0 = Release|Any CPU
		{D704A350-BC14-4F21-9FD3-208FE0E8CDDB}.Release|x86.ActiveCfg = Release|Any CPU
		{D704A350-BC14-4F21-9FD3-208FE0E8CDDB}.Release|x86.Build.0 = Release|Any CPU
	EndGlobalSection
	GlobalSection(NestedProjects) = preSolution
		{499A63D1-23CC-4F1A-AF0A-70D43CF76E60} = {89449ACD-DAEB-4182-80A6-C9829BDEFE0B}
		{D704A350-BC14-4F21-9FD3-208FE0E8CDDB} = {5E32C42E-60C8-40E7-A1C4-DE1617D05A4C}
	EndGlobalSection
EndGlobal
